{
  "name": "another-recipe",
  "version": "0.0.1",
  "lockfileVersion": 1,
  "requires": true,
  "dependencies": {
    "@angular/cdk": {
      "version": "6.4.7",
      "resolved": "https://registry.npmjs.org/@angular/cdk/-/cdk-6.4.7.tgz",
      "integrity": "sha512-18x0U66fLD5kGQWZ9n3nb75xQouXlWs7kUDaTd8HTrHpT1s2QIAqlLd1KxfrYiVhsEC2jPQaoiae7VnBlcvkBg==",
      "requires": {
        "tslib": "1.9.3"
      }
    },
    "date-fns": {
      "version": "1.29.0",
      "resolved": "https://registry.npmjs.org/date-fns/-/date-fns-1.29.0.tgz",
      "integrity": "sha512-lbTXWZ6M20cWH8N9S6afb0SBm6tMk+uUg6z3MqHPKE9atmsY3kJkTm8vKe93izJ2B2+q5MV990sM2CHgtAZaOw=="
    },
    "ng-zorro-antd": {
      "version": "1.4.1",
      "resolved": "https://registry.npmjs.org/ng-zorro-antd/-/ng-zorro-antd-1.4.1.tgz",
      "integrity": "sha512-/Vvmo9NoxHAVX9TS/Rizedwtr6A6nlCNE0wkh9NstROHjkHSkCuN7KcxUnfPSi3mBs7wP0KsqFP+HqY9npZ5Jg==",
      "requires": {
        "@angular/cdk": "6.4.7",
        "date-fns": "1.29.0"
      }
    },
    "tslib": {
      "version": "1.9.3",
      "resolved": "https://registry.npmjs.org/tslib/-/tslib-1.9.3.tgz",
      "integrity": "sha512-4krF8scpejhaOgqzBEcGM7yDIEfi0/8+8zDRZhNZZ2kjmHJ4hv3zCbQWxoJGz1iw5U0Jl0nma13xzHXcncMavQ=="
    }
  }
}
